# This file is generated by running "yarn install" inside your project.
# Manual changes might be lost - proceed with caution!

__metadata:
  version: 8
  cacheKey: 10

"@noble/curves@npm:^1.3.0":
  version: 1.4.0
  resolution: "@noble/curves@npm:1.4.0"
  dependencies:
    "@noble/hashes": "npm:1.4.0"
  checksum: 10/b21b30a36ff02bfcc0f5e6163d245cdbaf7f640511fff97ccf83fc207ee79cfd91584b4d97977374de04cb118a55eb63a7964c82596a64162bbc42bc685ae6d9
  languageName: node
  linkType: hard

"@noble/hashes@npm:1.4.0, @noble/hashes@npm:^1.3.1, @noble/hashes@npm:^1.3.3":
  version: 1.4.0
  resolution: "@noble/hashes@npm:1.4.0"
  checksum: 10/e156e65794c473794c52fa9d06baf1eb20903d0d96719530f523cc4450f6c721a957c544796e6efd0197b2296e7cd70efeb312f861465e17940a3e3c7e0febc6
  languageName: node
  linkType: hard

"@polkadot-api/client@npm:0.0.1-492c132563ea6b40ae1fc5470dec4cd18768d182.1.0":
  version: 0.0.1-492c132563ea6b40ae1fc5470dec4cd18768d182.1.0
  resolution: "@polkadot-api/client@npm:0.0.1-492c132563ea6b40ae1fc5470dec4cd18768d182.1.0"
  dependencies:
    "@polkadot-api/metadata-builders": "npm:0.0.1-492c132563ea6b40ae1fc5470dec4cd18768d182.1.0"
    "@polkadot-api/substrate-bindings": "npm:0.0.1-492c132563ea6b40ae1fc5470dec4cd18768d182.1.0"
    "@polkadot-api/substrate-client": "npm:0.0.1-492c132563ea6b40ae1fc5470dec4cd18768d182.1.0"
    "@polkadot-api/utils": "npm:0.0.1-492c132563ea6b40ae1fc5470dec4cd18768d182.1.0"
  peerDependencies:
    rxjs: ">=7.8.0"
  checksum: 10/cc9cc2e54cbb6956290f07ecede3c086455147fc84b5668482655b6e5e3726e408157bbe92747dd5a551ab42604df93f35bab45e78f28489dc998a75586f855b
  languageName: node
  linkType: hard

"@polkadot-api/json-rpc-provider-proxy@npm:0.0.1-492c132563ea6b40ae1fc5470dec4cd18768d182.1.0":
  version: 0.0.1-492c132563ea6b40ae1fc5470dec4cd18768d182.1.0
  resolution: "@polkadot-api/json-rpc-provider-proxy@npm:0.0.1-492c132563ea6b40ae1fc5470dec4cd18768d182.1.0"
  checksum: 10/bdcdf34feefd9b7f4b29e4fe212ca2609455fce53aeac5b3df9bba4cf714022d3266877e00fbdf5d2d24090cfbcd5139d859295e4e2bb15d055e2fb2704b79ec
  languageName: node
  linkType: hard

"@polkadot-api/json-rpc-provider@npm:0.0.1-492c132563ea6b40ae1fc5470dec4cd18768d182.1.0":
  version: 0.0.1-492c132563ea6b40ae1fc5470dec4cd18768d182.1.0
  resolution: "@polkadot-api/json-rpc-provider@npm:0.0.1-492c132563ea6b40ae1fc5470dec4cd18768d182.1.0"
  checksum: 10/00d4e1f7900a1739e1ba7a3b13d399e5540a27d5c026c985aa4afdf865fb37da4aa4029a3a740932615482cdf18e657011ef05e7e61c2de04016f68fbb343ae7
  languageName: node
  linkType: hard

"@polkadot-api/metadata-builders@npm:0.0.1-492c132563ea6b40ae1fc5470dec4cd18768d182.1.0":
  version: 0.0.1-492c132563ea6b40ae1fc5470dec4cd18768d182.1.0
  resolution: "@polkadot-api/metadata-builders@npm:0.0.1-492c132563ea6b40ae1fc5470dec4cd18768d182.1.0"
  dependencies:
    "@polkadot-api/substrate-bindings": "npm:0.0.1-492c132563ea6b40ae1fc5470dec4cd18768d182.1.0"
    "@polkadot-api/utils": "npm:0.0.1-492c132563ea6b40ae1fc5470dec4cd18768d182.1.0"
  checksum: 10/0dc59527415b51b9741e95842505cfca788e9fb0e6666be971000b9fe522b7d1a81265d4cab1712c2cc564e14ae8f0e1ef8f32f4023be1261f366edaa1936cc9
  languageName: node
  linkType: hard

"@polkadot-api/substrate-bindings@npm:0.0.1-492c132563ea6b40ae1fc5470dec4cd18768d182.1.0":
  version: 0.0.1-492c132563ea6b40ae1fc5470dec4cd18768d182.1.0
  resolution: "@polkadot-api/substrate-bindings@npm:0.0.1-492c132563ea6b40ae1fc5470dec4cd18768d182.1.0"
  dependencies:
    "@noble/hashes": "npm:^1.3.1"
    "@polkadot-api/utils": "npm:0.0.1-492c132563ea6b40ae1fc5470dec4cd18768d182.1.0"
    "@scure/base": "npm:^1.1.1"
    scale-ts: "npm:^1.6.0"
  checksum: 10/e14a81197b86314aa8887d7e81cbf3f0c3b9eec0267b128c81bb3bf6d26d93ac75bd113177861789a066b215a72ac03c940d590e769ca3f33a2ac4480c752538
  languageName: node
  linkType: hard

"@polkadot-api/substrate-client@npm:0.0.1-492c132563ea6b40ae1fc5470dec4cd18768d182.1.0":
  version: 0.0.1-492c132563ea6b40ae1fc5470dec4cd18768d182.1.0
  resolution: "@polkadot-api/substrate-client@npm:0.0.1-492c132563ea6b40ae1fc5470dec4cd18768d182.1.0"
  checksum: 10/af1dce32d1b52bba5494daef387dcb15694ee57ed394e8ac905430ade7cdbae1c44ef5cdb7d777096ee0a0d8a58d3409e9c0c464f780bbd0286cb06d46390c3c
  languageName: node
  linkType: hard

"@polkadot-api/utils@npm:0.0.1-492c132563ea6b40ae1fc5470dec4cd18768d182.1.0":
  version: 0.0.1-492c132563ea6b40ae1fc5470dec4cd18768d182.1.0
  resolution: "@polkadot-api/utils@npm:0.0.1-492c132563ea6b40ae1fc5470dec4cd18768d182.1.0"
  checksum: 10/99d8c233ad4fe58f5ee993cf76b99689e6d34bc239e24785c60d2bd7cd74e4cc2bb8e0704a041c20bff8866a8151126d04c1be01ba5c1d51b1086cd7a5b55814
  languageName: node
  linkType: hard

"@polkadot/api-augment@npm:10.12.4":
  version: 10.12.4
  resolution: "@polkadot/api-augment@npm:10.12.4"
  dependencies:
    "@polkadot/api-base": "npm:10.12.4"
    "@polkadot/rpc-augment": "npm:10.12.4"
    "@polkadot/types": "npm:10.12.4"
    "@polkadot/types-augment": "npm:10.12.4"
    "@polkadot/types-codec": "npm:10.12.4"
    "@polkadot/util": "npm:^12.6.2"
    tslib: "npm:^2.6.2"
  checksum: 10/11866f0ba0b29f2e22fb947e4c445b763bb2999dc34cc8ee36a09aa4e3d43c5326ba281467ccf6f7c0b1fe429e8aff4a50c99386d083bc07cbba12e37e84b3f6
  languageName: node
  linkType: hard

"@polkadot/api-base@npm:10.12.4":
  version: 10.12.4
  resolution: "@polkadot/api-base@npm:10.12.4"
  dependencies:
    "@polkadot/rpc-core": "npm:10.12.4"
    "@polkadot/types": "npm:10.12.4"
    "@polkadot/util": "npm:^12.6.2"
    rxjs: "npm:^7.8.1"
    tslib: "npm:^2.6.2"
  checksum: 10/be4a68d11915cd84355fa170cc0f2afb215365869e18e1253a975f4b685251ee755c50017ce2f751d0f72adb19595a86bdce6cac671cfc8d4782c48eb58377b3
  languageName: node
  linkType: hard

"@polkadot/api-derive@npm:10.12.4":
  version: 10.12.4
  resolution: "@polkadot/api-derive@npm:10.12.4"
  dependencies:
    "@polkadot/api": "npm:10.12.4"
    "@polkadot/api-augment": "npm:10.12.4"
    "@polkadot/api-base": "npm:10.12.4"
    "@polkadot/rpc-core": "npm:10.12.4"
    "@polkadot/types": "npm:10.12.4"
    "@polkadot/types-codec": "npm:10.12.4"
    "@polkadot/util": "npm:^12.6.2"
    "@polkadot/util-crypto": "npm:^12.6.2"
    rxjs: "npm:^7.8.1"
    tslib: "npm:^2.6.2"
  checksum: 10/74bda518f43c9608bf8ff85680989441023a451d14370ec7ad85832396772b548d8a8a1b449ce0cd1cd1b805ec641cc7e5504f80f58956148317917731f6131f
  languageName: node
  linkType: hard

"@polkadot/api@npm:10.12.4":
  version: 10.12.4
  resolution: "@polkadot/api@npm:10.12.4"
  dependencies:
    "@polkadot/api-augment": "npm:10.12.4"
    "@polkadot/api-base": "npm:10.12.4"
    "@polkadot/api-derive": "npm:10.12.4"
    "@polkadot/keyring": "npm:^12.6.2"
    "@polkadot/rpc-augment": "npm:10.12.4"
    "@polkadot/rpc-core": "npm:10.12.4"
    "@polkadot/rpc-provider": "npm:10.12.4"
    "@polkadot/types": "npm:10.12.4"
    "@polkadot/types-augment": "npm:10.12.4"
    "@polkadot/types-codec": "npm:10.12.4"
    "@polkadot/types-create": "npm:10.12.4"
    "@polkadot/types-known": "npm:10.12.4"
    "@polkadot/util": "npm:^12.6.2"
    "@polkadot/util-crypto": "npm:^12.6.2"
    eventemitter3: "npm:^5.0.1"
    rxjs: "npm:^7.8.1"
    tslib: "npm:^2.6.2"
  checksum: 10/3913db95d8d017884d255f51998b4c25f36c6628190749435cf09862e8c75ae829cf7a50371237eacd97cad8465806f5dad3ac6746f67f5bc336f6a2e0206a0b
  languageName: node
  linkType: hard

"@polkadot/keyring@npm:^12.6.2":
  version: 12.6.2
  resolution: "@polkadot/keyring@npm:12.6.2"
  dependencies:
    "@polkadot/util": "npm:12.6.2"
    "@polkadot/util-crypto": "npm:12.6.2"
    tslib: "npm:^2.6.2"
  peerDependencies:
    "@polkadot/util": 12.6.2
    "@polkadot/util-crypto": 12.6.2
  checksum: 10/8faf59684ff5d041ba5fa7dd85c3ee4ac3920b2d907f81a485e37aedab64798f9c59b7ec914eb24dfc5271a4ef31e1244aecbd247c66f2b2ec518cfd37dd30fc
  languageName: node
  linkType: hard

"@polkadot/networks@npm:12.6.2, @polkadot/networks@npm:^12.6.2":
  version: 12.6.2
  resolution: "@polkadot/networks@npm:12.6.2"
  dependencies:
    "@polkadot/util": "npm:12.6.2"
    "@substrate/ss58-registry": "npm:^1.44.0"
    tslib: "npm:^2.6.2"
  checksum: 10/6c2cd7f631ec40489e8f8260b15a138bd0d276d222e4133847e8915c476aea415498dd8d8ab583bdf76f2e4e5bb1c7a20bca9dac110eae2fb48d5f6cf6798349
  languageName: node
  linkType: hard

"@polkadot/rpc-augment@npm:10.12.4":
  version: 10.12.4
  resolution: "@polkadot/rpc-augment@npm:10.12.4"
  dependencies:
    "@polkadot/rpc-core": "npm:10.12.4"
    "@polkadot/types": "npm:10.12.4"
    "@polkadot/types-codec": "npm:10.12.4"
    "@polkadot/util": "npm:^12.6.2"
    tslib: "npm:^2.6.2"
  checksum: 10/4ad1bec5b0e88a13d3c99169d4872fb0df3ee9feb0795610b73d50a15183c7877b04f2cc69ac199b21562e4f8691b2508521952ef22498ba20265b999c83c401
  languageName: node
  linkType: hard

"@polkadot/rpc-core@npm:10.12.4":
  version: 10.12.4
  resolution: "@polkadot/rpc-core@npm:10.12.4"
  dependencies:
    "@polkadot/rpc-augment": "npm:10.12.4"
    "@polkadot/rpc-provider": "npm:10.12.4"
    "@polkadot/types": "npm:10.12.4"
    "@polkadot/util": "npm:^12.6.2"
    rxjs: "npm:^7.8.1"
    tslib: "npm:^2.6.2"
  checksum: 10/4c183472700e3b923413bc80abc6e03ab93053864891ea56d105924a8f99e1c76ef9f38ec9ff17340af0826641c96a52fb9c65daa216c401c5f444d7873b0f31
  languageName: node
  linkType: hard

"@polkadot/rpc-provider@npm:10.12.4":
  version: 10.12.4
  resolution: "@polkadot/rpc-provider@npm:10.12.4"
  dependencies:
    "@polkadot/keyring": "npm:^12.6.2"
    "@polkadot/types": "npm:10.12.4"
    "@polkadot/types-support": "npm:10.12.4"
    "@polkadot/util": "npm:^12.6.2"
    "@polkadot/util-crypto": "npm:^12.6.2"
    "@polkadot/x-fetch": "npm:^12.6.2"
    "@polkadot/x-global": "npm:^12.6.2"
    "@polkadot/x-ws": "npm:^12.6.2"
    "@substrate/connect": "npm:0.8.8"
    eventemitter3: "npm:^5.0.1"
    mock-socket: "npm:^9.3.1"
    nock: "npm:^13.5.0"
    tslib: "npm:^2.6.2"
  dependenciesMeta:
    "@substrate/connect":
      optional: true
  checksum: 10/a8cc8c8104b60fb7706b167f4bdd991a6be405f694ecb1188f21b97c8da8187bac430f6fe09fa4e83ef1288cdda68bce9d29de1e22453f35325545c0173cfda2
  languageName: node
  linkType: hard

"@polkadot/types-augment@npm:10.12.4":
  version: 10.12.4
  resolution: "@polkadot/types-augment@npm:10.12.4"
  dependencies:
    "@polkadot/types": "npm:10.12.4"
    "@polkadot/types-codec": "npm:10.12.4"
    "@polkadot/util": "npm:^12.6.2"
    tslib: "npm:^2.6.2"
  checksum: 10/069d1bf6ffb91d5d0284fbe27e9312e089c7e9a3744ca62989abbb92559fef381d93e8ceadfba4f489b7d43a1f0ebfd6af07f46c1cfd04c8031c7fadd126e943
  languageName: node
  linkType: hard

"@polkadot/types-codec@npm:10.12.4":
  version: 10.12.4
  resolution: "@polkadot/types-codec@npm:10.12.4"
  dependencies:
    "@polkadot/util": "npm:^12.6.2"
    "@polkadot/x-bigint": "npm:^12.6.2"
    tslib: "npm:^2.6.2"
  checksum: 10/7cb4a450f1daa1ddcc62d27d1bd295349ba558c8e644ba714bfbb38c3c78a1e5ea9ea8c77ad6175e169ce74d9faa38a06191b863a6b632a1777b25f59a65bf0f
  languageName: node
  linkType: hard

"@polkadot/types-create@npm:10.12.4":
  version: 10.12.4
  resolution: "@polkadot/types-create@npm:10.12.4"
  dependencies:
    "@polkadot/types-codec": "npm:10.12.4"
    "@polkadot/util": "npm:^12.6.2"
    tslib: "npm:^2.6.2"
  checksum: 10/97b15bfee461b89805269f987104ec746eb9020b8329f0d4c7ef411fff5086e78afa844ddc5490e27cc3500b0917d8e767c3e438926c6f9be588abd215db60f7
  languageName: node
  linkType: hard

"@polkadot/types-known@npm:10.12.4":
  version: 10.12.4
  resolution: "@polkadot/types-known@npm:10.12.4"
  dependencies:
    "@polkadot/networks": "npm:^12.6.2"
    "@polkadot/types": "npm:10.12.4"
    "@polkadot/types-codec": "npm:10.12.4"
    "@polkadot/types-create": "npm:10.12.4"
    "@polkadot/util": "npm:^12.6.2"
    tslib: "npm:^2.6.2"
  checksum: 10/48e3b094e2a07e1511b4f382e5caa3b2266aaa03769795688ddfa052b482833fb9bb5933e99b92b0d50e0d08b6784171fa807731c9ceffe73af7a113b7c329a8
  languageName: node
  linkType: hard

"@polkadot/types-support@npm:10.12.4":
  version: 10.12.4
  resolution: "@polkadot/types-support@npm:10.12.4"
  dependencies:
    "@polkadot/util": "npm:^12.6.2"
    tslib: "npm:^2.6.2"
  checksum: 10/52c65158b48be45aeec5d7ba8a05c670b0f3e3f6cadcd6b5cd9c1d2a61bb6b16e8d27399642cb370621d144b52a5eb388b2541c8380f970642c7232515482306
  languageName: node
  linkType: hard

"@polkadot/types@npm:10.12.4":
  version: 10.12.4
  resolution: "@polkadot/types@npm:10.12.4"
  dependencies:
    "@polkadot/keyring": "npm:^12.6.2"
    "@polkadot/types-augment": "npm:10.12.4"
    "@polkadot/types-codec": "npm:10.12.4"
    "@polkadot/types-create": "npm:10.12.4"
    "@polkadot/util": "npm:^12.6.2"
    "@polkadot/util-crypto": "npm:^12.6.2"
    rxjs: "npm:^7.8.1"
    tslib: "npm:^2.6.2"
  checksum: 10/0c086b10dbda3a61b07fb4d77db677a2578051a378b8d2d4040c73017570b1596835791be3200b2eadabefa831ccceee1ebb56f43aafb8cb640d4dc816725734
  languageName: node
  linkType: hard

"@polkadot/util-crypto@npm:12.6.2, @polkadot/util-crypto@npm:^12.6.2":
  version: 12.6.2
  resolution: "@polkadot/util-crypto@npm:12.6.2"
  dependencies:
    "@noble/curves": "npm:^1.3.0"
    "@noble/hashes": "npm:^1.3.3"
    "@polkadot/networks": "npm:12.6.2"
    "@polkadot/util": "npm:12.6.2"
    "@polkadot/wasm-crypto": "npm:^7.3.2"
    "@polkadot/wasm-util": "npm:^7.3.2"
    "@polkadot/x-bigint": "npm:12.6.2"
    "@polkadot/x-randomvalues": "npm:12.6.2"
    "@scure/base": "npm:^1.1.5"
    tslib: "npm:^2.6.2"
  peerDependencies:
    "@polkadot/util": 12.6.2
  checksum: 10/a587e5e25697f3a928ae8677b82ccdbcc1df95122db2bbde753b0605f44487136fe2f55c502460d931def0007e856db40b1b34b4da3c674638ead459e79f227a
  languageName: node
  linkType: hard

"@polkadot/util@npm:12.6.2, @polkadot/util@npm:^12.6.2":
  version: 12.6.2
  resolution: "@polkadot/util@npm:12.6.2"
  dependencies:
    "@polkadot/x-bigint": "npm:12.6.2"
    "@polkadot/x-global": "npm:12.6.2"
    "@polkadot/x-textdecoder": "npm:12.6.2"
    "@polkadot/x-textencoder": "npm:12.6.2"
    "@types/bn.js": "npm:^5.1.5"
    bn.js: "npm:^5.2.1"
    tslib: "npm:^2.6.2"
  checksum: 10/b7a3c2be417d670fc64d0642818cadbf041cbcfae830f2ee45fc2496e86c8e11c385854b733504a7d6a6391066fd0ef544a1748f0f8809215c37a5c0ff64571d
  languageName: node
  linkType: hard

"@polkadot/wasm-bridge@npm:7.3.2":
  version: 7.3.2
  resolution: "@polkadot/wasm-bridge@npm:7.3.2"
  dependencies:
    "@polkadot/wasm-util": "npm:7.3.2"
    tslib: "npm:^2.6.2"
  peerDependencies:
    "@polkadot/util": "*"
    "@polkadot/x-randomvalues": "*"
  checksum: 10/8d8afa55d9f14043fb9e414b356d6ba4aa0ccc52219b8022fc86a5ea5be569dea34383b461528069996f5399011db6060ceff158227606d95ab779717ea25f5f
  languageName: node
  linkType: hard

"@polkadot/wasm-crypto-asmjs@npm:7.3.2":
  version: 7.3.2
  resolution: "@polkadot/wasm-crypto-asmjs@npm:7.3.2"
  dependencies:
    tslib: "npm:^2.6.2"
  peerDependencies:
    "@polkadot/util": "*"
  checksum: 10/b8c0c7b3a1e5b4b07b0d4fbec51ae19c529c8a943c0b3c4631490e05f5cc61fa352e7eaf7a9fabeb49ab2e40760ff584346a929e67f6eece82134c13963e6c4b
  languageName: node
  linkType: hard

"@polkadot/wasm-crypto-init@npm:7.3.2":
  version: 7.3.2
  resolution: "@polkadot/wasm-crypto-init@npm:7.3.2"
  dependencies:
    "@polkadot/wasm-bridge": "npm:7.3.2"
    "@polkadot/wasm-crypto-asmjs": "npm:7.3.2"
    "@polkadot/wasm-crypto-wasm": "npm:7.3.2"
    "@polkadot/wasm-util": "npm:7.3.2"
    tslib: "npm:^2.6.2"
  peerDependencies:
    "@polkadot/util": "*"
    "@polkadot/x-randomvalues": "*"
  checksum: 10/94b950c01f20c2ce98e2e8bfd3dc94fdcdc095a2b3d609c5de3db3bc9e403871ff08479d7eac1d2e4d048b9375e82dafb5bfab3d9d86988ec4afc41e7539d0af
  languageName: node
  linkType: hard

"@polkadot/wasm-crypto-wasm@npm:7.3.2":
  version: 7.3.2
  resolution: "@polkadot/wasm-crypto-wasm@npm:7.3.2"
  dependencies:
    "@polkadot/wasm-util": "npm:7.3.2"
    tslib: "npm:^2.6.2"
  peerDependencies:
    "@polkadot/util": "*"
  checksum: 10/f984db1bf121827b8a39b2f18d838958dfcedb901037a382a5b67126dc20a9c1cec4f3dd8f9ccc2ccd5a5f259d9f2b62df2f03d55cf83185f84709c1b87c5673
  languageName: node
  linkType: hard

"@polkadot/wasm-crypto@npm:^7.3.2":
  version: 7.3.2
  resolution: "@polkadot/wasm-crypto@npm:7.3.2"
  dependencies:
    "@polkadot/wasm-bridge": "npm:7.3.2"
    "@polkadot/wasm-crypto-asmjs": "npm:7.3.2"
    "@polkadot/wasm-crypto-init": "npm:7.3.2"
    "@polkadot/wasm-crypto-wasm": "npm:7.3.2"
    "@polkadot/wasm-util": "npm:7.3.2"
    tslib: "npm:^2.6.2"
  peerDependencies:
    "@polkadot/util": "*"
    "@polkadot/x-randomvalues": "*"
  checksum: 10/ec0bf040388890b0d268ca94d2311bbb27a45b46b4f5812a2a478c1fea3c747878244535280b9c38bf2a65b9b4533bf4f9fddbc4c715d167940e6d951fef146b
  languageName: node
  linkType: hard

"@polkadot/wasm-util@npm:7.3.2, @polkadot/wasm-util@npm:^7.3.2":
  version: 7.3.2
  resolution: "@polkadot/wasm-util@npm:7.3.2"
  dependencies:
    tslib: "npm:^2.6.2"
  peerDependencies:
    "@polkadot/util": "*"
  checksum: 10/4b19f59aaca5c62933c5b355116a0fcd8dfa03b3e13f2b4c8491058f6d29fd030c956dee3f1c0821da981b874741c9ea62840c179369afb1a358a22216e5ff3c
  languageName: node
  linkType: hard

"@polkadot/x-bigint@npm:12.6.2, @polkadot/x-bigint@npm:^12.6.2":
  version: 12.6.2
  resolution: "@polkadot/x-bigint@npm:12.6.2"
  dependencies:
    "@polkadot/x-global": "npm:12.6.2"
    tslib: "npm:^2.6.2"
  checksum: 10/8a9533ba955d06213e3810d48e95618186cc832375f82d8b52376a99d7c8f9fdd01ffb9c35495522aec8c28d18ca5ef6c8feeec9770b83ebb64cded4cd3b7e27
  languageName: node
  linkType: hard

"@polkadot/x-fetch@npm:^12.6.2":
  version: 12.6.2
  resolution: "@polkadot/x-fetch@npm:12.6.2"
  dependencies:
    "@polkadot/x-global": "npm:12.6.2"
    node-fetch: "npm:^3.3.2"
    tslib: "npm:^2.6.2"
  checksum: 10/755feee15234b31de9e74bae5eca1a2e9c17e3e76330e5c5cca5e446fc3c350b8f02e3c3853005d1dd4b3da9d4f6a6c3ffd6d2146ae529b0fa6ed3c4206343af
  languageName: node
  linkType: hard

"@polkadot/x-global@npm:12.6.2, @polkadot/x-global@npm:^12.6.2":
  version: 12.6.2
  resolution: "@polkadot/x-global@npm:12.6.2"
  dependencies:
    tslib: "npm:^2.6.2"
  checksum: 10/9159bd77e099f734f7c48ba3e37a886ba376c50066b664ee52caf0bf8eb0399b762ca08404ef6470c22e4d20e9fc8c5e0a87026efcbbd0f21ea5504b0e33d587
  languageName: node
  linkType: hard

"@polkadot/x-randomvalues@npm:12.6.2":
  version: 12.6.2
  resolution: "@polkadot/x-randomvalues@npm:12.6.2"
  dependencies:
    "@polkadot/x-global": "npm:12.6.2"
    tslib: "npm:^2.6.2"
  peerDependencies:
    "@polkadot/util": 12.6.2
    "@polkadot/wasm-util": "*"
  checksum: 10/9ab555931ab81a8834800da35f04cb86df48b0d706d33ea89c51f42b8d340dab7312c462d01ecae04573ba6a01ff1ad6066ea6cf82b1330482ff537eb3c12eeb
  languageName: node
  linkType: hard

"@polkadot/x-textdecoder@npm:12.6.2":
  version: 12.6.2
  resolution: "@polkadot/x-textdecoder@npm:12.6.2"
  dependencies:
    "@polkadot/x-global": "npm:12.6.2"
    tslib: "npm:^2.6.2"
  checksum: 10/ba8ebe34cce1445a78d4eb744c8cfcf068cebfaf6c8efca23e1cdb037e8769cb2738b77b7266e3f86cd2459bb3eb87744f9518cba76e76fca609a16e6b84789e
  languageName: node
  linkType: hard

"@polkadot/x-textencoder@npm:12.6.2":
  version: 12.6.2
  resolution: "@polkadot/x-textencoder@npm:12.6.2"
  dependencies:
    "@polkadot/x-global": "npm:12.6.2"
    tslib: "npm:^2.6.2"
  checksum: 10/b2e721d19660f7bcf3995d695fac5d78d4bc8c5fd0632ec0735eb20dd9b4b79fad1ce7dfe7ade202c4ace5cd2d6b8ac663bb4dca273afa050f73cf1e99498f82
  languageName: node
  linkType: hard

"@polkadot/x-ws@npm:^12.6.2":
  version: 12.6.2
  resolution: "@polkadot/x-ws@npm:12.6.2"
  dependencies:
    "@polkadot/x-global": "npm:12.6.2"
    tslib: "npm:^2.6.2"
    ws: "npm:^8.15.1"
  checksum: 10/de987c0a9d5df7d9eb17d96fd47afb2417eb85b7126e4e11bc4fe7dc908b54307390a1e3da61d251cd5f1f6edd054712f018bdc695ce946e0267806d1f050119
  languageName: node
  linkType: hard

"@scure/base@npm:^1.1.1, @scure/base@npm:^1.1.5":
  version: 1.1.6
  resolution: "@scure/base@npm:1.1.6"
  checksum: 10/814fd1cce24f1e152751fabca2853d26aaa96ff8a9349c43d9aebc3b3d8ca88dd902966e1c289590a37f35d4c4436c6aedb1b386924b2909072045af4c3e9fe4
  languageName: node
  linkType: hard

"@substrate/asset-transfer-api-registry@npm:^0.2.15":
  version: 0.2.15
  resolution: "@substrate/asset-transfer-api-registry@npm:0.2.15"
  checksum: 10/bdf499fb3c3ef4e5ce452cc036b72c8c6d5e655673137313c0d9d782e5c05159a08227b791634b44d06c929d83f046fa41648307c671fd3c17a912694525bbde
  languageName: node
  linkType: hard

"@substrate/asset-transfer-api@file:../asset-transfer-api::locator=assets-ts-test%40workspace%3A.":
  version: 0.1.8
  resolution: "@substrate/asset-transfer-api@file:../asset-transfer-api#../asset-transfer-api::hash=99d587&locator=assets-ts-test%40workspace%3A."
  dependencies:
    "@polkadot/api": "npm:10.12.4"
    "@substrate/asset-transfer-api-registry": "npm:^0.2.15"
  checksum: 10/c4f67f5274914f24154f278507bc53008c828a6b456b3661a653f022aa3da1ebb489a371f56c9c46ba9ab4a415ea0614d5101d69a4de560082b238d29a2aeca5
  languageName: node
  linkType: hard

"@substrate/connect-extension-protocol@npm:^2.0.0":
  version: 2.0.0
  resolution: "@substrate/connect-extension-protocol@npm:2.0.0"
  checksum: 10/167538db3370c37abd60881e947f07788c52e42e1c46cd77a5e19eff64cb7784dff9abbbc4d2138a862a35c7262f151459e1631a8a36ee02fcff90ed5ec74c7b
  languageName: node
  linkType: hard

"@substrate/connect-known-chains@npm:^1.1.1":
  version: 1.1.2
  resolution: "@substrate/connect-known-chains@npm:1.1.2"
  checksum: 10/9aff94053ee3c5e9c38529258774337716d35ca1b386cc10f1d4ecc1fdc56574d7a233bfb5fe1a9cee9aa6551d6f18c777342607c83dff7d220e0576e63b4098
  languageName: node
  linkType: hard

"@substrate/connect@npm:0.8.8":
  version: 0.8.8
  resolution: "@substrate/connect@npm:0.8.8"
  dependencies:
    "@substrate/connect-extension-protocol": "npm:^2.0.0"
    "@substrate/connect-known-chains": "npm:^1.1.1"
    "@substrate/light-client-extension-helpers": "npm:^0.0.4"
    smoldot: "npm:2.0.22"
  checksum: 10/056908d641bdbf4a7d8f429e915a7a0519cd9417b6fa46db8591af49f3ac04a631b4a084a30d05a7ae9cfbb70905dc7698452eb252f4e1101c86e82eb4d8ca04
  languageName: node
  linkType: hard

"@substrate/light-client-extension-helpers@npm:^0.0.4":
  version: 0.0.4
  resolution: "@substrate/light-client-extension-helpers@npm:0.0.4"
  dependencies:
    "@polkadot-api/client": "npm:0.0.1-492c132563ea6b40ae1fc5470dec4cd18768d182.1.0"
    "@polkadot-api/json-rpc-provider": "npm:0.0.1-492c132563ea6b40ae1fc5470dec4cd18768d182.1.0"
    "@polkadot-api/json-rpc-provider-proxy": "npm:0.0.1-492c132563ea6b40ae1fc5470dec4cd18768d182.1.0"
    "@polkadot-api/substrate-client": "npm:0.0.1-492c132563ea6b40ae1fc5470dec4cd18768d182.1.0"
    "@substrate/connect-extension-protocol": "npm:^2.0.0"
    "@substrate/connect-known-chains": "npm:^1.1.1"
    rxjs: "npm:^7.8.1"
  peerDependencies:
    smoldot: 2.x
  checksum: 10/f9a3c7775e41223b4e6f2020b4fe17efefebbdd2e7354ded73cac885181e101e7b22e36d47f0f40aec108b5142a9ca895433c51fccae026160a92ed9dbdae600
  languageName: node
  linkType: hard

"@substrate/ss58-registry@npm:^1.44.0":
  version: 1.47.0
  resolution: "@substrate/ss58-registry@npm:1.47.0"
  checksum: 10/f78edac6ad88a3063bc0474b2ae2394b5af60cf61f474f4c4ad171346f8debba9fc8b047f0046ccb1abddeb7c13377a5fcf2046c0496a26a1a192cc7a4224ff4
  languageName: node
  linkType: hard

"@types/bn.js@npm:^5.1.5":
  version: 5.1.5
  resolution: "@types/bn.js@npm:5.1.5"
  dependencies:
    "@types/node": "npm:*"
  checksum: 10/9719330c86aeae0a6a447c974cf0f853ba3660ede20de61f435b03d699e30e6d8b35bf71a8dc9fdc8317784438e83177644ba068ed653d0ae0106e1ecbfe289e
  languageName: node
  linkType: hard

"@types/node@npm:*, @types/node@npm:^20.12.2":
  version: 20.12.2
  resolution: "@types/node@npm:20.12.2"
  dependencies:
    undici-types: "npm:~5.26.4"
  checksum: 10/f1f0ebfe475aefa183763b856e0023b81b76554196e8676a45b9fcfd1012cdd20d32adefb3c0330001c0011e074676603c34c24821a4924228250ea13a75da43
  languageName: node
  linkType: hard

"assets-ts-test@workspace:.":
  version: 0.0.0-use.local
  resolution: "assets-ts-test@workspace:."
  dependencies:
    "@substrate/asset-transfer-api": "file:../asset-transfer-api"
    "@types/node": "npm:^20.12.2"
    dotenv: "npm:^16.4.5"
    typescript: "npm:^5.4.3"
  languageName: unknown
  linkType: soft

"bn.js@npm:^5.2.1":
  version: 5.2.1
  resolution: "bn.js@npm:5.2.1"
  checksum: 10/7a7e8764d7a6e9708b8b9841b2b3d6019cc154d2fc23716d0efecfe1e16921b7533c6f7361fb05471eab47986c4aa310c270f88e3507172104632ac8df2cfd84
  languageName: node
  linkType: hard

"data-uri-to-buffer@npm:^4.0.0":
  version: 4.0.1
  resolution: "data-uri-to-buffer@npm:4.0.1"
  checksum: 10/0d0790b67ffec5302f204c2ccca4494f70b4e2d940fea3d36b09f0bb2b8539c2e86690429eb1f1dc4bcc9e4df0644193073e63d9ee48ac9fce79ec1506e4aa4c
  languageName: node
  linkType: hard

"debug@npm:^4.1.0":
  version: 4.3.4
  resolution: "debug@npm:4.3.4"
  dependencies:
    ms: "npm:2.1.2"
  peerDependenciesMeta:
    supports-color:
      optional: true
  checksum: 10/0073c3bcbd9cb7d71dd5f6b55be8701af42df3e56e911186dfa46fac3a5b9eb7ce7f377dd1d3be6db8977221f8eb333d945216f645cf56f6b688cd484837d255
  languageName: node
  linkType: hard

"dotenv@npm:^16.4.5":
  version: 16.4.5
  resolution: "dotenv@npm:16.4.5"
  checksum: 10/55a3134601115194ae0f924e54473459ed0d9fc340ae610b676e248cca45aa7c680d86365318ea964e6da4e2ea80c4514c1adab5adb43d6867fb57ff068f95c8
  languageName: node
  linkType: hard

"eventemitter3@npm:^5.0.1":
  version: 5.0.1
  resolution: "eventemitter3@npm:5.0.1"
  checksum: 10/ac6423ec31124629c84c7077eed1e6987f6d66c31cf43c6fcbf6c87791d56317ce808d9ead483652436df171b526fc7220eccdc9f3225df334e81582c3cf7dd5
  languageName: node
  linkType: hard

"fetch-blob@npm:^3.1.2, fetch-blob@npm:^3.1.4":
  version: 3.2.0
  resolution: "fetch-blob@npm:3.2.0"
  dependencies:
    node-domexception: "npm:^1.0.0"
    web-streams-polyfill: "npm:^3.0.3"
  checksum: 10/5264ecceb5fdc19eb51d1d0359921f12730941e333019e673e71eb73921146dceabcb0b8f534582be4497312d656508a439ad0f5edeec2b29ab2e10c72a1f86b
  languageName: node
  linkType: hard

"formdata-polyfill@npm:^4.0.10":
  version: 4.0.10
  resolution: "formdata-polyfill@npm:4.0.10"
  dependencies:
    fetch-blob: "npm:^3.1.2"
  checksum: 10/9b5001d2edef3c9449ac3f48bd4f8cc92e7d0f2e7c1a5c8ba555ad4e77535cc5cf621fabe49e97f304067037282dd9093b9160a3cb533e46420b446c4e6bc06f
  languageName: node
  linkType: hard

"json-stringify-safe@npm:^5.0.1":
  version: 5.0.1
  resolution: "json-stringify-safe@npm:5.0.1"
  checksum: 10/59169a081e4eeb6f9559ae1f938f656191c000e0512aa6df9f3c8b2437a4ab1823819c6b9fd1818a4e39593ccfd72e9a051fdd3e2d1e340ed913679e888ded8c
  languageName: node
  linkType: hard

"mock-socket@npm:^9.3.1":
  version: 9.3.1
  resolution: "mock-socket@npm:9.3.1"
  checksum: 10/c5c07568f2859db6926d79cb61580c07e67958b5cd6b52d1270fdfa17ae066d7f74a18a4208fc4386092eea4e1ee001aa23f015c88a1774265994e4fae34d18e
  languageName: node
  linkType: hard

"ms@npm:2.1.2":
  version: 2.1.2
  resolution: "ms@npm:2.1.2"
  checksum: 10/673cdb2c3133eb050c745908d8ce632ed2c02d85640e2edb3ace856a2266a813b30c613569bf3354fdf4ea7d1a1494add3bfa95e2713baa27d0c2c71fc44f58f
  languageName: node
  linkType: hard

"nock@npm:^13.5.0":
  version: 13.5.4
  resolution: "nock@npm:13.5.4"
  dependencies:
    debug: "npm:^4.1.0"
    json-stringify-safe: "npm:^5.0.1"
    propagate: "npm:^2.0.0"
  checksum: 10/75bad391bae4efb81b742734af5f2d87309cd93d3ca6b78372fd37946d78ccb254d79104676619866915e6734abfc1b00fee2aa42073a4843ca3c746aad35a4d
  languageName: node
  linkType: hard

"node-domexception@npm:^1.0.0":
  version: 1.0.0
  resolution: "node-domexception@npm:1.0.0"
  checksum: 10/e332522f242348c511640c25a6fc7da4f30e09e580c70c6b13cb0be83c78c3e71c8d4665af2527e869fc96848924a4316ae7ec9014c091e2156f41739d4fa233
  languageName: node
  linkType: hard

"node-fetch@npm:^3.3.2":
  version: 3.3.2
  resolution: "node-fetch@npm:3.3.2"
  dependencies:
    data-uri-to-buffer: "npm:^4.0.0"
    fetch-blob: "npm:^3.1.4"
    formdata-polyfill: "npm:^4.0.10"
  checksum: 10/24207ca8c81231c7c59151840e3fded461d67a31cf3e3b3968e12201a42f89ce4a0b5fb7079b1fa0a4655957b1ca9257553200f03a9f668b45ebad265ca5593d
  languageName: node
  linkType: hard

"propagate@npm:^2.0.0":
  version: 2.0.1
  resolution: "propagate@npm:2.0.1"
  checksum: 10/8c761c16e8232f82f6d015d3e01e8bd4109f47ad804f904d950f6fe319813b448ca112246b6bfdc182b400424b155b0b7c4525a9bb009e6fa950200157569c14
  languageName: node
  linkType: hard

"rxjs@npm:^7.8.1":
  version: 7.8.1
  resolution: "rxjs@npm:7.8.1"
  dependencies:
    tslib: "npm:^2.1.0"
  checksum: 10/b10cac1a5258f885e9dd1b70d23c34daeb21b61222ee735d2ec40a8685bdca40429000703a44f0e638c27a684ac139e1c37e835d2a0dc16f6fc061a138ae3abb
  languageName: node
  linkType: hard

"scale-ts@npm:^1.6.0":
  version: 1.6.0
  resolution: "scale-ts@npm:1.6.0"
  checksum: 10/63d966d48196ede40148f50c182f9d8397600e18ca005b994d3bd85f3e1931ae3fe7ec5d7b0cc072df557450e05676fd5acaa8b196963100a74251ca2e9d089f
  languageName: node
  linkType: hard

"smoldot@npm:2.0.22":
  version: 2.0.22
  resolution: "smoldot@npm:2.0.22"
  dependencies:
    ws: "npm:^8.8.1"
  checksum: 10/8d63720ff7aee9ff4cbfb3d6952c68781aaaecf49fcb20d8b76919e854975b029071778c4c3bd50a18a4c3e0c96857b2b6daa526bbad4a3bee20f2aad8dfe388
  languageName: node
  linkType: hard

"tslib@npm:^2.1.0, tslib@npm:^2.6.2":
  version: 2.6.2
  resolution: "tslib@npm:2.6.2"
  checksum: 10/bd26c22d36736513980091a1e356378e8b662ded04204453d353a7f34a4c21ed0afc59b5f90719d4ba756e581a162ecbf93118dc9c6be5acf70aa309188166ca
  languageName: node
  linkType: hard

"typescript@npm:^5.4.3":
  version: 5.4.3
  resolution: "typescript@npm:5.4.3"
  bin:
    tsc: bin/tsc
    tsserver: bin/tsserver
  checksum: 10/de4c69f49a7ad4b1ea66a6dcc8b055ac34eb56af059a069d8988dd811c5e649be07e042e5bf573e8d0ac3ec2f30e6c999aa651cd09f6e9cbc6113749e8b6be20
  languageName: node
  linkType: hard

"typescript@patch:typescript@npm%3A^5.4.3#optional!builtin<compat/typescript>":
  version: 5.4.3
  resolution: "typescript@patch:typescript@npm%3A5.4.3#optional!builtin<compat/typescript>::version=5.4.3&hash=5adc0c"
  bin:
    tsc: bin/tsc
    tsserver: bin/tsserver
  checksum: 10/5aedd97595582b08aadb8a70e8e3ddebaf5a9c1e5ad4d6503c2fcfc15329b5cf8d01145b09913e9555683ac16c5123a96be32b6d72614098ebd42df520eed9b1
  languageName: node
  linkType: hard

"undici-types@npm:~5.26.4":
  version: 5.26.5
  resolution: "undici-types@npm:5.26.5"
  checksum: 10/0097779d94bc0fd26f0418b3a05472410408877279141ded2bd449167be1aed7ea5b76f756562cb3586a07f251b90799bab22d9019ceba49c037c76445f7cddd
  languageName: node
  linkType: hard

"web-streams-polyfill@npm:^3.0.3":
  version: 3.3.3
  resolution: "web-streams-polyfill@npm:3.3.3"
  checksum: 10/8e7e13501b3834094a50abe7c0b6456155a55d7571312b89570012ef47ec2a46d766934768c50aabad10a9c30dd764a407623e8bfcc74fcb58495c29130edea9
  languageName: node
  linkType: hard

"ws@npm:^8.15.1, ws@npm:^8.8.1":
  version: 8.16.0
  resolution: "ws@npm:8.16.0"
  peerDependencies:
    bufferutil: ^4.0.1
    utf-8-validate: ">=5.0.2"
  peerDependenciesMeta:
    bufferutil:
      optional: true
    utf-8-validate:
      optional: true
  checksum: 10/7c511c59e979bd37b63c3aea4a8e4d4163204f00bd5633c053b05ed67835481995f61a523b0ad2b603566f9a89b34cb4965cb9fab9649fbfebd8f740cea57f17
  languageName: node
  linkType: hard
